
Microsoft Visual Studio Solution File, Format Version 12.00
# Visual Studio 15
VisualStudioVersion = 15.0.27428.2037
MinimumVisualStudioVersion = 10.0.40219.1
Project("{FAE04EC0-301F-11D3-BF4B-00C04F79EFBC}") = "Project3_School", "Project3_School\Project3_School.csproj", "{AF6013C8-C6A5-4F0D-BCDF-AB6C831EAD86}"
EndProject
Project("{FAE04EC0-301F-11D3-BF4B-00C04F79EFBC}") = "RestUtility", "RestUtility\RestUtility.csproj", "{99F8231E-18B5-47C7-94A9-A67E304BD052}"
EndProject
Global
	GlobalSection(SolutionConfigurationPlatforms) = preSolution
		Debug|Any CPU = Debug|Any CPU
		Release|Any CPU = Release|Any CPU
	EndGlobalSection
	GlobalSection(ProjectConfigurationPlatforms) = postSolution
		{AF6013C8-C6A5-4F0D-BCDF-AB6C831EAD86}.Debug|Any CPU.ActiveCfg = Debug|Any CPU
		{AF6013C8-C6A5-4F0D-BCDF-AB6C831EAD86}.Debug|Any CPU.Build.0 = Debug|Any CPU
		{AF6013C8-C6A5-4F0D-BCDF-AB6C831EAD86}.Release|Any CPU.ActiveCfg = Release|Any CPU
		{AF6013C8-C6A5-4F0D-BCDF-AB6C831EAD86}.Release|Any CPU.Build.0 = Release|Any CPU
		{99F8231E-18B5-47C7-94A9-A67E304BD052}.Debug|Any CPU.ActiveCfg = Debug|Any CPU
		{99F8231E-18B5-47C7-94A9-A67E304BD052}.Debug|Any CPU.Build.0 = Debug|Any CPU
		{99F8231E-18B5-47C7-94A9-A67E304BD052}.Release|Any CPU.ActiveCfg = Release|Any CPU
		{99F8231E-18B5-47C7-94A9-A67E304BD052}.Release|Any CPU.Build.0 = Release|Any CPU
	EndGlobalSection
	GlobalSection(SolutionProperties) = preSolution
		HideSolutionNode = FALSE
	EndGlobalSection
	GlobalSection(ExtensibilityGlobals) = postSolution
		SolutionGuid = {2A32F4E8-9D49-4AC5-8942-36EEDD169CC0}
	EndGlobalSection
EndGlobal
